
Microsoft Visual Studio Solution File, Format Version 12.00
# Visual Studio Version 17
VisualStudioVersion = 17.6.33829.357
MinimumVisualStudioVersion = 10.0.40219.1
Project("{FAE04EC0-301F-11D3-BF4B-00C04F79EFBC}") = "QLMB", "QLMB\QLMB.csproj", "{24E254F2-29CE-48EF-A7C6-9178A27144E0}"
EndProject
Global
	GlobalSection(SolutionConfigurationPlatforms) = preSolution
		Debug|Any CPU = Debug|Any CPU
		Release|Any CPU = Release|Any CPU
	EndGlobalSection
	GlobalSection(ProjectConfigurationPlatforms) = postSolution
		{24E254F2-29CE-48EF-A7C6-9178A27144E0}.Debug|Any CPU.ActiveCfg = Debug|Any CPU
		{24E254F2-29CE-48EF-A7C6-9178A27144E0}.Debug|Any CPU.Build.0 = Debug|Any CPU
		{24E254F2-29CE-48EF-A7C6-9178A27144E0}.Release|Any CPU.ActiveCfg = Release|Any CPU
		{24E254F2-29CE-48EF-A7C6-9178A27144E0}.Release|Any CPU.Build.0 = Release|Any CPU
	EndGlobalSection
	GlobalSection(SolutionProperties) = preSolution
		HideSolutionNode = FALSE
	EndGlobalSection
	GlobalSection(ExtensibilityGlobals) = postSolution
		SolutionGuid = {6A8AFB5A-F5E0-4563-BA6E-6FB90B1F6EC4}
	EndGlobalSection
EndGlobal
